
Microsoft Visual Studio Solution File, Format Version 12.00
# Visual Studio Version 17
VisualStudioVersion = 17.3.32901.215
MinimumVisualStudioVersion = 10.0.40219.1
Project("{8BC9CEB8-8B4A-11D0-8D11-00A0C91BC942}") = "Task1", "Task1\Task1.vcxproj", "{C627178C-11BB-42D1-B316-A1C95098B43C}"
EndProject
Project("{8BC9CEB8-8B4A-11D0-8D11-00A0C91BC942}") = "Task2", "Task2\Task2.vcxproj", "{1F0973D7-6807-44BF-82FC-D83F0FA7EFA1}"
EndProject
Project("{8BC9CEB8-8B4A-11D0-8D11-00A0C91BC942}") = "Task3", "Task3\Task3.vcxproj", "{17AC6D1E-797F-451D-8602-8742391481F6}"
EndProject
Global
	GlobalSection(SolutionConfigurationPlatforms) = preSolution
		Debug|x64 = Debug|x64
		Debug|x86 = Debug|x86
		Release|x64 = Release|x64
		Release|x86 = Release|x86
	EndGlobalSection
	GlobalSection(ProjectConfigurationPlatforms) = postSolution
		{C627178C-11BB-42D1-B316-A1C95098B43C}.Debug|x64.ActiveCfg = Debug|x64
		{C627178C-11BB-42D1-B316-A1C95098B43C}.Debug|x64.Build.0 = Debug|x64
		{C627178C-11BB-42D1-B316-A1C95098B43C}.Debug|x86.ActiveCfg = Debug|Win32
		{C627178C-11BB-42D1-B316-A1C95098B43C}.Debug|x86.Build.0 = Debug|Win32
		{C627178C-11BB-42D1-B316-A1C95098B43C}.Release|x64.ActiveCfg = Release|x64
		{C627178C-11BB-42D1-B316-A1C95098B43C}.Release|x64.Build.0 = Release|x64
		{C627178C-11BB-42D1-B316-A1C95098B43C}.Release|x86.ActiveCfg = Release|Win32
		{C627178C-11BB-42D1-B316-A1C95098B43C}.Release|x86.Build.0 = Release|Win32
		{1F0973D7-6807-44BF-82FC-D83F0FA7EFA1}.Debug|x64.ActiveCfg = Debug|x64
		{1F0973D7-6807-44BF-82FC-D83F0FA7EFA1}.Debug|x64.Build.0 = Debug|x64
		{1F0973D7-6807-44BF-82FC-D83F0FA7EFA1}.Debug|x86.ActiveCfg = Debug|Win32
		{1F0973D7-6807-44BF-82FC-D83F0FA7EFA1}.Debug|x86.Build.0 = Debug|Win32
		{1F0973D7-6807-44BF-82FC-D83F0FA7EFA1}.Release|x64.ActiveCfg = Release|x64
		{1F0973D7-6807-44BF-82FC-D83F0FA7EFA1}.Release|x64.Build.0 = Release|x64
		{1F0973D7-6807-44BF-82FC-D83F0FA7EFA1}.Release|x86.ActiveCfg = Release|Win32
		{1F0973D7-6807-44BF-82FC-D83F0FA7EFA1}.Release|x86.Build.0 = Release|Win32
		{17AC6D1E-797F-451D-8602-8742391481F6}.Debug|x64.ActiveCfg = Debug|x64
		{17AC6D1E-797F-451D-8602-8742391481F6}.Debug|x64.Build.0 = Debug|x64
		{17AC6D1E-797F-451D-8602-8742391481F6}.Debug|x86.ActiveCfg = Debug|Win32
		{17AC6D1E-797F-451D-8602-8742391481F6}.Debug|x86.Build.0 = Debug|Win32
		{17AC6D1E-797F-451D-8602-8742391481F6}.Release|x64.ActiveCfg = Release|x64
		{17AC6D1E-797F-451D-8602-8742391481F6}.Release|x64.Build.0 = Release|x64
		{17AC6D1E-797F-451D-8602-8742391481F6}.Release|x86.ActiveCfg = Release|Win32
		{17AC6D1E-797F-451D-8602-8742391481F6}.Release|x86.Build.0 = Release|Win32
	EndGlobalSection
	GlobalSection(SolutionProperties) = preSolution
		HideSolutionNode = FALSE
	EndGlobalSection
	GlobalSection(ExtensibilityGlobals) = postSolution
		SolutionGuid = {85601F3C-60EB-4B9C-9B41-4107072F93A4}
	EndGlobalSection
EndGlobal
