
Microsoft Visual Studio Solution File, Format Version 12.00
# Visual Studio Version 17
VisualStudioVersion = 17.3.32901.215
MinimumVisualStudioVersion = 10.0.40219.1
Project("{8BC9CEB8-8B4A-11D0-8D11-00A0C91BC942}") = "2022.09.26-Homework-1", "2022.09.26-Homework-1\2022.09.26-Homework-1.vcxproj", "{04C03116-BF18-4393-BD56-F903F9C5548F}"
EndProject
Project("{8BC9CEB8-8B4A-11D0-8D11-00A0C91BC942}") = "Task1", "Task1\Task1.vcxproj", "{A2B11841-4AE7-4916-BEBE-D06FAD5B04B2}"
EndProject
Project("{8BC9CEB8-8B4A-11D0-8D11-00A0C91BC942}") = "Task2", "Task2\Task2.vcxproj", "{58380783-A711-4B39-B6C9-BADF560E42DA}"
EndProject
Project("{8BC9CEB8-8B4A-11D0-8D11-00A0C91BC942}") = "Task3", "Task3\Task3.vcxproj", "{A7A5ECF3-0843-4F49-9FBE-287209396E13}"
EndProject
Project("{8BC9CEB8-8B4A-11D0-8D11-00A0C91BC942}") = "Task4", "Task4\Task4.vcxproj", "{8FD8EB8B-08E2-468C-B472-3DDF0ACA097D}"
EndProject
Project("{8BC9CEB8-8B4A-11D0-8D11-00A0C91BC942}") = "Task5", "Task5\Task5.vcxproj", "{034026CB-88BE-4634-94D0-4DA8D16F3E7A}"
EndProject
Project("{8BC9CEB8-8B4A-11D0-8D11-00A0C91BC942}") = "Task6", "Task6\Task6.vcxproj", "{D9B9B415-8D97-4A55-A497-95A112839F1A}"
EndProject
Project("{8BC9CEB8-8B4A-11D0-8D11-00A0C91BC942}") = "Task7", "Task7\Task7.vcxproj", "{A670BCF5-388D-4BFA-8264-4B5399109ECB}"
EndProject
Project("{8BC9CEB8-8B4A-11D0-8D11-00A0C91BC942}") = "Task8", "Task8\Task8.vcxproj", "{BC6DDA85-4789-47A7-809A-9F794AD4C1D9}"
EndProject
Project("{8BC9CEB8-8B4A-11D0-8D11-00A0C91BC942}") = "Task9", "Task9\Task9.vcxproj", "{DEB9223B-1AD8-4F7B-AD4A-CE0E2868E070}"
EndProject
Project("{8BC9CEB8-8B4A-11D0-8D11-00A0C91BC942}") = "Task10", "Task10\Task10.vcxproj", "{8B89FF99-AD94-458C-A571-74923549FDB4}"
EndProject
Global
	GlobalSection(SolutionConfigurationPlatforms) = preSolution
		Debug|x64 = Debug|x64
		Debug|x86 = Debug|x86
		Release|x64 = Release|x64
		Release|x86 = Release|x86
	EndGlobalSection
	GlobalSection(ProjectConfigurationPlatforms) = postSolution
		{04C03116-BF18-4393-BD56-F903F9C5548F}.Debug|x64.ActiveCfg = Debug|x64
		{04C03116-BF18-4393-BD56-F903F9C5548F}.Debug|x64.Build.0 = Debug|x64
		{04C03116-BF18-4393-BD56-F903F9C5548F}.Debug|x86.ActiveCfg = Debug|Win32
		{04C03116-BF18-4393-BD56-F903F9C5548F}.Debug|x86.Build.0 = Debug|Win32
		{04C03116-BF18-4393-BD56-F903F9C5548F}.Release|x64.ActiveCfg = Release|x64
		{04C03116-BF18-4393-BD56-F903F9C5548F}.Release|x64.Build.0 = Release|x64
		{04C03116-BF18-4393-BD56-F903F9C5548F}.Release|x86.ActiveCfg = Release|Win32
		{04C03116-BF18-4393-BD56-F903F9C5548F}.Release|x86.Build.0 = Release|Win32
		{A2B11841-4AE7-4916-BEBE-D06FAD5B04B2}.Debug|x64.ActiveCfg = Debug|x64
		{A2B11841-4AE7-4916-BEBE-D06FAD5B04B2}.Debug|x64.Build.0 = Debug|x64
		{A2B11841-4AE7-4916-BEBE-D06FAD5B04B2}.Debug|x86.ActiveCfg = Debug|Win32
		{A2B11841-4AE7-4916-BEBE-D06FAD5B04B2}.Debug|x86.Build.0 = Debug|Win32
		{A2B11841-4AE7-4916-BEBE-D06FAD5B04B2}.Release|x64.ActiveCfg = Release|x64
		{A2B11841-4AE7-4916-BEBE-D06FAD5B04B2}.Release|x64.Build.0 = Release|x64
		{A2B11841-4AE7-4916-BEBE-D06FAD5B04B2}.Release|x86.ActiveCfg = Release|Win32
		{A2B11841-4AE7-4916-BEBE-D06FAD5B04B2}.Release|x86.Build.0 = Release|Win32
		{58380783-A711-4B39-B6C9-BADF560E42DA}.Debug|x64.ActiveCfg = Debug|x64
		{58380783-A711-4B39-B6C9-BADF560E42DA}.Debug|x64.Build.0 = Debug|x64
		{58380783-A711-4B39-B6C9-BADF560E42DA}.Debug|x86.ActiveCfg = Debug|Win32
		{58380783-A711-4B39-B6C9-BADF560E42DA}.Debug|x86.Build.0 = Debug|Win32
		{58380783-A711-4B39-B6C9-BADF560E42DA}.Release|x64.ActiveCfg = Release|x64
		{58380783-A711-4B39-B6C9-BADF560E42DA}.Release|x64.Build.0 = Release|x64
		{58380783-A711-4B39-B6C9-BADF560E42DA}.Release|x86.ActiveCfg = Release|Win32
		{58380783-A711-4B39-B6C9-BADF560E42DA}.Release|x86.Build.0 = Release|Win32
		{A7A5ECF3-0843-4F49-9FBE-287209396E13}.Debug|x64.ActiveCfg = Debug|x64
		{A7A5ECF3-0843-4F49-9FBE-287209396E13}.Debug|x64.Build.0 = Debug|x64
		{A7A5ECF3-0843-4F49-9FBE-287209396E13}.Debug|x86.ActiveCfg = Debug|Win32
		{A7A5ECF3-0843-4F49-9FBE-287209396E13}.Debug|x86.Build.0 = Debug|Win32
		{A7A5ECF3-0843-4F49-9FBE-287209396E13}.Release|x64.ActiveCfg = Release|x64
		{A7A5ECF3-0843-4F49-9FBE-287209396E13}.Release|x64.Build.0 = Release|x64
		{A7A5ECF3-0843-4F49-9FBE-287209396E13}.Release|x86.ActiveCfg = Release|Win32
		{A7A5ECF3-0843-4F49-9FBE-287209396E13}.Release|x86.Build.0 = Release|Win32
		{8FD8EB8B-08E2-468C-B472-3DDF0ACA097D}.Debug|x64.ActiveCfg = Debug|x64
		{8FD8EB8B-08E2-468C-B472-3DDF0ACA097D}.Debug|x64.Build.0 = Debug|x64
		{8FD8EB8B-08E2-468C-B472-3DDF0ACA097D}.Debug|x86.ActiveCfg = Debug|Win32
		{8FD8EB8B-08E2-468C-B472-3DDF0ACA097D}.Debug|x86.Build.0 = Debug|Win32
		{8FD8EB8B-08E2-468C-B472-3DDF0ACA097D}.Release|x64.ActiveCfg = Release|x64
		{8FD8EB8B-08E2-468C-B472-3DDF0ACA097D}.Release|x64.Build.0 = Release|x64
		{8FD8EB8B-08E2-468C-B472-3DDF0ACA097D}.Release|x86.ActiveCfg = Release|Win32
		{8FD8EB8B-08E2-468C-B472-3DDF0ACA097D}.Release|x86.Build.0 = Release|Win32
		{034026CB-88BE-4634-94D0-4DA8D16F3E7A}.Debug|x64.ActiveCfg = Debug|x64
		{034026CB-88BE-4634-94D0-4DA8D16F3E7A}.Debug|x64.Build.0 = Debug|x64
		{034026CB-88BE-4634-94D0-4DA8D16F3E7A}.Debug|x86.ActiveCfg = Debug|Win32
		{034026CB-88BE-4634-94D0-4DA8D16F3E7A}.Debug|x86.Build.0 = Debug|Win32
		{034026CB-88BE-4634-94D0-4DA8D16F3E7A}.Release|x64.ActiveCfg = Release|x64
		{034026CB-88BE-4634-94D0-4DA8D16F3E7A}.Release|x64.Build.0 = Release|x64
		{034026CB-88BE-4634-94D0-4DA8D16F3E7A}.Release|x86.ActiveCfg = Release|Win32
		{034026CB-88BE-4634-94D0-4DA8D16F3E7A}.Release|x86.Build.0 = Release|Win32
		{D9B9B415-8D97-4A55-A497-95A112839F1A}.Debug|x64.ActiveCfg = Debug|x64
		{D9B9B415-8D97-4A55-A497-95A112839F1A}.Debug|x64.Build.0 = Debug|x64
		{D9B9B415-8D97-4A55-A497-95A112839F1A}.Debug|x86.ActiveCfg = Debug|Win32
		{D9B9B415-8D97-4A55-A497-95A112839F1A}.Debug|x86.Build.0 = Debug|Win32
		{D9B9B415-8D97-4A55-A497-95A112839F1A}.Release|x64.ActiveCfg = Release|x64
		{D9B9B415-8D97-4A55-A497-95A112839F1A}.Release|x64.Build.0 = Release|x64
		{D9B9B415-8D97-4A55-A497-95A112839F1A}.Release|x86.ActiveCfg = Release|Win32
		{D9B9B415-8D97-4A55-A497-95A112839F1A}.Release|x86.Build.0 = Release|Win32
		{A670BCF5-388D-4BFA-8264-4B5399109ECB}.Debug|x64.ActiveCfg = Debug|x64
		{A670BCF5-388D-4BFA-8264-4B5399109ECB}.Debug|x64.Build.0 = Debug|x64
		{A670BCF5-388D-4BFA-8264-4B5399109ECB}.Debug|x86.ActiveCfg = Debug|Win32
		{A670BCF5-388D-4BFA-8264-4B5399109ECB}.Debug|x86.Build.0 = Debug|Win32
		{A670BCF5-388D-4BFA-8264-4B5399109ECB}.Release|x64.ActiveCfg = Release|x64
		{A670BCF5-388D-4BFA-8264-4B5399109ECB}.Release|x64.Build.0 = Release|x64
		{A670BCF5-388D-4BFA-8264-4B5399109ECB}.Release|x86.ActiveCfg = Release|Win32
		{A670BCF5-388D-4BFA-8264-4B5399109ECB}.Release|x86.Build.0 = Release|Win32
		{BC6DDA85-4789-47A7-809A-9F794AD4C1D9}.Debug|x64.ActiveCfg = Debug|x64
		{BC6DDA85-4789-47A7-809A-9F794AD4C1D9}.Debug|x64.Build.0 = Debug|x64
		{BC6DDA85-4789-47A7-809A-9F794AD4C1D9}.Debug|x86.ActiveCfg = Debug|Win32
		{BC6DDA85-4789-47A7-809A-9F794AD4C1D9}.Debug|x86.Build.0 = Debug|Win32
		{BC6DDA85-4789-47A7-809A-9F794AD4C1D9}.Release|x64.ActiveCfg = Release|x64
		{BC6DDA85-4789-47A7-809A-9F794AD4C1D9}.Release|x64.Build.0 = Release|x64
		{BC6DDA85-4789-47A7-809A-9F794AD4C1D9}.Release|x86.ActiveCfg = Release|Win32
		{BC6DDA85-4789-47A7-809A-9F794AD4C1D9}.Release|x86.Build.0 = Release|Win32
		{DEB9223B-1AD8-4F7B-AD4A-CE0E2868E070}.Debug|x64.ActiveCfg = Debug|x64
		{DEB9223B-1AD8-4F7B-AD4A-CE0E2868E070}.Debug|x64.Build.0 = Debug|x64
		{DEB9223B-1AD8-4F7B-AD4A-CE0E2868E070}.Debug|x86.ActiveCfg = Debug|Win32
		{DEB9223B-1AD8-4F7B-AD4A-CE0E2868E070}.Debug|x86.Build.0 = Debug|Win32
		{DEB9223B-1AD8-4F7B-AD4A-CE0E2868E070}.Release|x64.ActiveCfg = Release|x64
		{DEB9223B-1AD8-4F7B-AD4A-CE0E2868E070}.Release|x64.Build.0 = Release|x64
		{DEB9223B-1AD8-4F7B-AD4A-CE0E2868E070}.Release|x86.ActiveCfg = Release|Win32
		{DEB9223B-1AD8-4F7B-AD4A-CE0E2868E070}.Release|x86.Build.0 = Release|Win32
		{8B89FF99-AD94-458C-A571-74923549FDB4}.Debug|x64.ActiveCfg = Debug|x64
		{8B89FF99-AD94-458C-A571-74923549FDB4}.Debug|x64.Build.0 = Debug|x64
		{8B89FF99-AD94-458C-A571-74923549FDB4}.Debug|x86.ActiveCfg = Debug|Win32
		{8B89FF99-AD94-458C-A571-74923549FDB4}.Debug|x86.Build.0 = Debug|Win32
		{8B89FF99-AD94-458C-A571-74923549FDB4}.Release|x64.ActiveCfg = Release|x64
		{8B89FF99-AD94-458C-A571-74923549FDB4}.Release|x64.Build.0 = Release|x64
		{8B89FF99-AD94-458C-A571-74923549FDB4}.Release|x86.ActiveCfg = Release|Win32
		{8B89FF99-AD94-458C-A571-74923549FDB4}.Release|x86.Build.0 = Release|Win32
	EndGlobalSection
	GlobalSection(SolutionProperties) = preSolution
		HideSolutionNode = FALSE
	EndGlobalSection
	GlobalSection(ExtensibilityGlobals) = postSolution
		SolutionGuid = {8AD31F56-722D-42DB-91E3-4FDA50F9A1CE}
	EndGlobalSection
EndGlobal
