
Microsoft Visual Studio Solution File, Format Version 12.00
# Visual Studio Version 17
VisualStudioVersion = 17.3.32901.215
MinimumVisualStudioVersion = 10.0.40219.1
Project("{8BC9CEB8-8B4A-11D0-8D11-00A0C91BC942}") = "Task1", "2022.10.16-Homework-3\2022.10.16-Homework-3.vcxproj", "{A24945C1-7697-41D0-9D68-ED3BE80CF9B8}"
EndProject
Project("{8BC9CEB8-8B4A-11D0-8D11-00A0C91BC942}") = "Task2", "Task2\Task2.vcxproj", "{3C4814B2-6D31-45BE-8DC7-38B50FFD78B1}"
EndProject
Project("{8BC9CEB8-8B4A-11D0-8D11-00A0C91BC942}") = "Task3", "Task3\Task3.vcxproj", "{ADA736BA-4BC2-40E0-8C92-BCE03AADA069}"
EndProject
Project("{8BC9CEB8-8B4A-11D0-8D11-00A0C91BC942}") = "Task4", "Task4\Task4.vcxproj", "{AA030C62-6E94-4552-A40C-DC9A49A571B8}"
EndProject
Global
	GlobalSection(SolutionConfigurationPlatforms) = preSolution
		Debug|x64 = Debug|x64
		Debug|x86 = Debug|x86
		Release|x64 = Release|x64
		Release|x86 = Release|x86
	EndGlobalSection
	GlobalSection(ProjectConfigurationPlatforms) = postSolution
		{A24945C1-7697-41D0-9D68-ED3BE80CF9B8}.Debug|x64.ActiveCfg = Debug|x64
		{A24945C1-7697-41D0-9D68-ED3BE80CF9B8}.Debug|x64.Build.0 = Debug|x64
		{A24945C1-7697-41D0-9D68-ED3BE80CF9B8}.Debug|x86.ActiveCfg = Debug|Win32
		{A24945C1-7697-41D0-9D68-ED3BE80CF9B8}.Debug|x86.Build.0 = Debug|Win32
		{A24945C1-7697-41D0-9D68-ED3BE80CF9B8}.Release|x64.ActiveCfg = Release|x64
		{A24945C1-7697-41D0-9D68-ED3BE80CF9B8}.Release|x64.Build.0 = Release|x64
		{A24945C1-7697-41D0-9D68-ED3BE80CF9B8}.Release|x86.ActiveCfg = Release|Win32
		{A24945C1-7697-41D0-9D68-ED3BE80CF9B8}.Release|x86.Build.0 = Release|Win32
		{3C4814B2-6D31-45BE-8DC7-38B50FFD78B1}.Debug|x64.ActiveCfg = Debug|x64
		{3C4814B2-6D31-45BE-8DC7-38B50FFD78B1}.Debug|x64.Build.0 = Debug|x64
		{3C4814B2-6D31-45BE-8DC7-38B50FFD78B1}.Debug|x86.ActiveCfg = Debug|Win32
		{3C4814B2-6D31-45BE-8DC7-38B50FFD78B1}.Debug|x86.Build.0 = Debug|Win32
		{3C4814B2-6D31-45BE-8DC7-38B50FFD78B1}.Release|x64.ActiveCfg = Release|x64
		{3C4814B2-6D31-45BE-8DC7-38B50FFD78B1}.Release|x64.Build.0 = Release|x64
		{3C4814B2-6D31-45BE-8DC7-38B50FFD78B1}.Release|x86.ActiveCfg = Release|Win32
		{3C4814B2-6D31-45BE-8DC7-38B50FFD78B1}.Release|x86.Build.0 = Release|Win32
		{ADA736BA-4BC2-40E0-8C92-BCE03AADA069}.Debug|x64.ActiveCfg = Debug|x64
		{ADA736BA-4BC2-40E0-8C92-BCE03AADA069}.Debug|x64.Build.0 = Debug|x64
		{ADA736BA-4BC2-40E0-8C92-BCE03AADA069}.Debug|x86.ActiveCfg = Debug|Win32
		{ADA736BA-4BC2-40E0-8C92-BCE03AADA069}.Debug|x86.Build.0 = Debug|Win32
		{ADA736BA-4BC2-40E0-8C92-BCE03AADA069}.Release|x64.ActiveCfg = Release|x64
		{ADA736BA-4BC2-40E0-8C92-BCE03AADA069}.Release|x64.Build.0 = Release|x64
		{ADA736BA-4BC2-40E0-8C92-BCE03AADA069}.Release|x86.ActiveCfg = Release|Win32
		{ADA736BA-4BC2-40E0-8C92-BCE03AADA069}.Release|x86.Build.0 = Release|Win32
		{AA030C62-6E94-4552-A40C-DC9A49A571B8}.Debug|x64.ActiveCfg = Debug|x64
		{AA030C62-6E94-4552-A40C-DC9A49A571B8}.Debug|x64.Build.0 = Debug|x64
		{AA030C62-6E94-4552-A40C-DC9A49A571B8}.Debug|x86.ActiveCfg = Debug|Win32
		{AA030C62-6E94-4552-A40C-DC9A49A571B8}.Debug|x86.Build.0 = Debug|Win32
		{AA030C62-6E94-4552-A40C-DC9A49A571B8}.Release|x64.ActiveCfg = Release|x64
		{AA030C62-6E94-4552-A40C-DC9A49A571B8}.Release|x64.Build.0 = Release|x64
		{AA030C62-6E94-4552-A40C-DC9A49A571B8}.Release|x86.ActiveCfg = Release|Win32
		{AA030C62-6E94-4552-A40C-DC9A49A571B8}.Release|x86.Build.0 = Release|Win32
	EndGlobalSection
	GlobalSection(SolutionProperties) = preSolution
		HideSolutionNode = FALSE
	EndGlobalSection
	GlobalSection(ExtensibilityGlobals) = postSolution
		SolutionGuid = {194A47A6-EAA0-4C6E-B0FD-FE1ACC632CF9}
	EndGlobalSection
EndGlobal
