
Microsoft Visual Studio Solution File, Format Version 12.00
# Visual Studio Version 17
VisualStudioVersion = 17.3.32901.215
MinimumVisualStudioVersion = 10.0.40219.1
Project("{8BC9CEB8-8B4A-11D0-8D11-00A0C91BC942}") = "Task1", "Task1\Task1.vcxproj", "{2A1A57B1-16CC-4773-8255-6EBE92526697}"
EndProject
Project("{8BC9CEB8-8B4A-11D0-8D11-00A0C91BC942}") = "Task2", "Task2\Task2.vcxproj", "{1E00688D-2726-446B-A1DB-52705D5638A7}"
EndProject
Project("{8BC9CEB8-8B4A-11D0-8D11-00A0C91BC942}") = "Task3", "Task3\Task3.vcxproj", "{7BC0F1F4-73C2-4BCA-8656-8A6B5D907CD0}"
EndProject
Project("{8BC9CEB8-8B4A-11D0-8D11-00A0C91BC942}") = "Task4", "Task4\Task4.vcxproj", "{0C0AF76B-687F-4559-B92E-DEA13E0045A9}"
EndProject
Project("{8BC9CEB8-8B4A-11D0-8D11-00A0C91BC942}") = "Task5", "Task5\Task5.vcxproj", "{D2BC8699-D1CD-4ECC-9221-A587F184F533}"
EndProject
Project("{8BC9CEB8-8B4A-11D0-8D11-00A0C91BC942}") = "Task6", "Task6\Task6.vcxproj", "{92AAD68F-92E3-417F-83A5-BD0DF80AF4B9}"
EndProject
Project("{8BC9CEB8-8B4A-11D0-8D11-00A0C91BC942}") = "Task7", "Task7\Task7.vcxproj", "{12D6EC45-257F-4D3A-B277-CCFF1A3BF335}"
EndProject
Project("{8BC9CEB8-8B4A-11D0-8D11-00A0C91BC942}") = "Task8", "Task8\Task8.vcxproj", "{0D72BD9D-FB92-4FDA-80A6-D11D8851671B}"
EndProject
Project("{8BC9CEB8-8B4A-11D0-8D11-00A0C91BC942}") = "Task9", "Task9\Task9.vcxproj", "{FE708305-6FF7-4F29-BA6C-9146CCB630F3}"
EndProject
Project("{8BC9CEB8-8B4A-11D0-8D11-00A0C91BC942}") = "Task10", "Task10\Task10.vcxproj", "{85B1B003-261C-4CAB-97EB-648F29EBD347}"
EndProject
Global
	GlobalSection(SolutionConfigurationPlatforms) = preSolution
		Debug|x64 = Debug|x64
		Debug|x86 = Debug|x86
		Release|x64 = Release|x64
		Release|x86 = Release|x86
	EndGlobalSection
	GlobalSection(ProjectConfigurationPlatforms) = postSolution
		{2A1A57B1-16CC-4773-8255-6EBE92526697}.Debug|x64.ActiveCfg = Debug|x64
		{2A1A57B1-16CC-4773-8255-6EBE92526697}.Debug|x64.Build.0 = Debug|x64
		{2A1A57B1-16CC-4773-8255-6EBE92526697}.Debug|x86.ActiveCfg = Debug|Win32
		{2A1A57B1-16CC-4773-8255-6EBE92526697}.Debug|x86.Build.0 = Debug|Win32
		{2A1A57B1-16CC-4773-8255-6EBE92526697}.Release|x64.ActiveCfg = Release|x64
		{2A1A57B1-16CC-4773-8255-6EBE92526697}.Release|x64.Build.0 = Release|x64
		{2A1A57B1-16CC-4773-8255-6EBE92526697}.Release|x86.ActiveCfg = Release|Win32
		{2A1A57B1-16CC-4773-8255-6EBE92526697}.Release|x86.Build.0 = Release|Win32
		{1E00688D-2726-446B-A1DB-52705D5638A7}.Debug|x64.ActiveCfg = Debug|x64
		{1E00688D-2726-446B-A1DB-52705D5638A7}.Debug|x64.Build.0 = Debug|x64
		{1E00688D-2726-446B-A1DB-52705D5638A7}.Debug|x86.ActiveCfg = Debug|Win32
		{1E00688D-2726-446B-A1DB-52705D5638A7}.Debug|x86.Build.0 = Debug|Win32
		{1E00688D-2726-446B-A1DB-52705D5638A7}.Release|x64.ActiveCfg = Release|x64
		{1E00688D-2726-446B-A1DB-52705D5638A7}.Release|x64.Build.0 = Release|x64
		{1E00688D-2726-446B-A1DB-52705D5638A7}.Release|x86.ActiveCfg = Release|Win32
		{1E00688D-2726-446B-A1DB-52705D5638A7}.Release|x86.Build.0 = Release|Win32
		{7BC0F1F4-73C2-4BCA-8656-8A6B5D907CD0}.Debug|x64.ActiveCfg = Debug|x64
		{7BC0F1F4-73C2-4BCA-8656-8A6B5D907CD0}.Debug|x64.Build.0 = Debug|x64
		{7BC0F1F4-73C2-4BCA-8656-8A6B5D907CD0}.Debug|x86.ActiveCfg = Debug|Win32
		{7BC0F1F4-73C2-4BCA-8656-8A6B5D907CD0}.Debug|x86.Build.0 = Debug|Win32
		{7BC0F1F4-73C2-4BCA-8656-8A6B5D907CD0}.Release|x64.ActiveCfg = Release|x64
		{7BC0F1F4-73C2-4BCA-8656-8A6B5D907CD0}.Release|x64.Build.0 = Release|x64
		{7BC0F1F4-73C2-4BCA-8656-8A6B5D907CD0}.Release|x86.ActiveCfg = Release|Win32
		{7BC0F1F4-73C2-4BCA-8656-8A6B5D907CD0}.Release|x86.Build.0 = Release|Win32
		{0C0AF76B-687F-4559-B92E-DEA13E0045A9}.Debug|x64.ActiveCfg = Debug|x64
		{0C0AF76B-687F-4559-B92E-DEA13E0045A9}.Debug|x64.Build.0 = Debug|x64
		{0C0AF76B-687F-4559-B92E-DEA13E0045A9}.Debug|x86.ActiveCfg = Debug|Win32
		{0C0AF76B-687F-4559-B92E-DEA13E0045A9}.Debug|x86.Build.0 = Debug|Win32
		{0C0AF76B-687F-4559-B92E-DEA13E0045A9}.Release|x64.ActiveCfg = Release|x64
		{0C0AF76B-687F-4559-B92E-DEA13E0045A9}.Release|x64.Build.0 = Release|x64
		{0C0AF76B-687F-4559-B92E-DEA13E0045A9}.Release|x86.ActiveCfg = Release|Win32
		{0C0AF76B-687F-4559-B92E-DEA13E0045A9}.Release|x86.Build.0 = Release|Win32
		{D2BC8699-D1CD-4ECC-9221-A587F184F533}.Debug|x64.ActiveCfg = Debug|x64
		{D2BC8699-D1CD-4ECC-9221-A587F184F533}.Debug|x64.Build.0 = Debug|x64
		{D2BC8699-D1CD-4ECC-9221-A587F184F533}.Debug|x86.ActiveCfg = Debug|Win32
		{D2BC8699-D1CD-4ECC-9221-A587F184F533}.Debug|x86.Build.0 = Debug|Win32
		{D2BC8699-D1CD-4ECC-9221-A587F184F533}.Release|x64.ActiveCfg = Release|x64
		{D2BC8699-D1CD-4ECC-9221-A587F184F533}.Release|x64.Build.0 = Release|x64
		{D2BC8699-D1CD-4ECC-9221-A587F184F533}.Release|x86.ActiveCfg = Release|Win32
		{D2BC8699-D1CD-4ECC-9221-A587F184F533}.Release|x86.Build.0 = Release|Win32
		{92AAD68F-92E3-417F-83A5-BD0DF80AF4B9}.Debug|x64.ActiveCfg = Debug|x64
		{92AAD68F-92E3-417F-83A5-BD0DF80AF4B9}.Debug|x64.Build.0 = Debug|x64
		{92AAD68F-92E3-417F-83A5-BD0DF80AF4B9}.Debug|x86.ActiveCfg = Debug|Win32
		{92AAD68F-92E3-417F-83A5-BD0DF80AF4B9}.Debug|x86.Build.0 = Debug|Win32
		{92AAD68F-92E3-417F-83A5-BD0DF80AF4B9}.Release|x64.ActiveCfg = Release|x64
		{92AAD68F-92E3-417F-83A5-BD0DF80AF4B9}.Release|x64.Build.0 = Release|x64
		{92AAD68F-92E3-417F-83A5-BD0DF80AF4B9}.Release|x86.ActiveCfg = Release|Win32
		{92AAD68F-92E3-417F-83A5-BD0DF80AF4B9}.Release|x86.Build.0 = Release|Win32
		{12D6EC45-257F-4D3A-B277-CCFF1A3BF335}.Debug|x64.ActiveCfg = Debug|x64
		{12D6EC45-257F-4D3A-B277-CCFF1A3BF335}.Debug|x64.Build.0 = Debug|x64
		{12D6EC45-257F-4D3A-B277-CCFF1A3BF335}.Debug|x86.ActiveCfg = Debug|Win32
		{12D6EC45-257F-4D3A-B277-CCFF1A3BF335}.Debug|x86.Build.0 = Debug|Win32
		{12D6EC45-257F-4D3A-B277-CCFF1A3BF335}.Release|x64.ActiveCfg = Release|x64
		{12D6EC45-257F-4D3A-B277-CCFF1A3BF335}.Release|x64.Build.0 = Release|x64
		{12D6EC45-257F-4D3A-B277-CCFF1A3BF335}.Release|x86.ActiveCfg = Release|Win32
		{12D6EC45-257F-4D3A-B277-CCFF1A3BF335}.Release|x86.Build.0 = Release|Win32
		{0D72BD9D-FB92-4FDA-80A6-D11D8851671B}.Debug|x64.ActiveCfg = Debug|x64
		{0D72BD9D-FB92-4FDA-80A6-D11D8851671B}.Debug|x64.Build.0 = Debug|x64
		{0D72BD9D-FB92-4FDA-80A6-D11D8851671B}.Debug|x86.ActiveCfg = Debug|Win32
		{0D72BD9D-FB92-4FDA-80A6-D11D8851671B}.Debug|x86.Build.0 = Debug|Win32
		{0D72BD9D-FB92-4FDA-80A6-D11D8851671B}.Release|x64.ActiveCfg = Release|x64
		{0D72BD9D-FB92-4FDA-80A6-D11D8851671B}.Release|x64.Build.0 = Release|x64
		{0D72BD9D-FB92-4FDA-80A6-D11D8851671B}.Release|x86.ActiveCfg = Release|Win32
		{0D72BD9D-FB92-4FDA-80A6-D11D8851671B}.Release|x86.Build.0 = Release|Win32
		{FE708305-6FF7-4F29-BA6C-9146CCB630F3}.Debug|x64.ActiveCfg = Debug|x64
		{FE708305-6FF7-4F29-BA6C-9146CCB630F3}.Debug|x64.Build.0 = Debug|x64
		{FE708305-6FF7-4F29-BA6C-9146CCB630F3}.Debug|x86.ActiveCfg = Debug|Win32
		{FE708305-6FF7-4F29-BA6C-9146CCB630F3}.Debug|x86.Build.0 = Debug|Win32
		{FE708305-6FF7-4F29-BA6C-9146CCB630F3}.Release|x64.ActiveCfg = Release|x64
		{FE708305-6FF7-4F29-BA6C-9146CCB630F3}.Release|x64.Build.0 = Release|x64
		{FE708305-6FF7-4F29-BA6C-9146CCB630F3}.Release|x86.ActiveCfg = Release|Win32
		{FE708305-6FF7-4F29-BA6C-9146CCB630F3}.Release|x86.Build.0 = Release|Win32
		{85B1B003-261C-4CAB-97EB-648F29EBD347}.Debug|x64.ActiveCfg = Debug|x64
		{85B1B003-261C-4CAB-97EB-648F29EBD347}.Debug|x64.Build.0 = Debug|x64
		{85B1B003-261C-4CAB-97EB-648F29EBD347}.Debug|x86.ActiveCfg = Debug|Win32
		{85B1B003-261C-4CAB-97EB-648F29EBD347}.Debug|x86.Build.0 = Debug|Win32
		{85B1B003-261C-4CAB-97EB-648F29EBD347}.Release|x64.ActiveCfg = Release|x64
		{85B1B003-261C-4CAB-97EB-648F29EBD347}.Release|x64.Build.0 = Release|x64
		{85B1B003-261C-4CAB-97EB-648F29EBD347}.Release|x86.ActiveCfg = Release|Win32
		{85B1B003-261C-4CAB-97EB-648F29EBD347}.Release|x86.Build.0 = Release|Win32
	EndGlobalSection
	GlobalSection(SolutionProperties) = preSolution
		HideSolutionNode = FALSE
	EndGlobalSection
	GlobalSection(ExtensibilityGlobals) = postSolution
		SolutionGuid = {712B8308-9A8C-432E-8497-DFDCDA4E176C}
	EndGlobalSection
EndGlobal
