
Microsoft Visual Studio Solution File, Format Version 12.00
# Visual Studio Version 17
VisualStudioVersion = 17.3.32901.215
MinimumVisualStudioVersion = 10.0.40219.1
Project("{8BC9CEB8-8B4A-11D0-8D11-00A0C91BC942}") = "Task1", "Task1\Task1.vcxproj", "{2A1A57B1-16CC-4773-8255-6EBE92526697}"
EndProject
Project("{8BC9CEB8-8B4A-11D0-8D11-00A0C91BC942}") = "Task2", "Task2\Task2.vcxproj", "{1E00688D-2726-446B-A1DB-52705D5638A7}"
EndProject
Project("{8BC9CEB8-8B4A-11D0-8D11-00A0C91BC942}") = "Task3", "Task3\Task3.vcxproj", "{7BC0F1F4-73C2-4BCA-8656-8A6B5D907CD0}"
EndProject
Project("{8BC9CEB8-8B4A-11D0-8D11-00A0C91BC942}") = "Task4", "Task4\Task4.vcxproj", "{0C0AF76B-687F-4559-B92E-DEA13E0045A9}"
EndProject
Project("{8BC9CEB8-8B4A-11D0-8D11-00A0C91BC942}") = "Task5", "Task5\Task5.vcxproj", "{D2BC8699-D1CD-4ECC-9221-A587F184F533}"
EndProject
Global
	GlobalSection(SolutionConfigurationPlatforms) = preSolution
		Debug|x64 = Debug|x64
		Debug|x86 = Debug|x86
		Release|x64 = Release|x64
		Release|x86 = Release|x86
	EndGlobalSection
	GlobalSection(ProjectConfigurationPlatforms) = postSolution
		{2A1A57B1-16CC-4773-8255-6EBE92526697}.Debug|x64.ActiveCfg = Debug|x64
		{2A1A57B1-16CC-4773-8255-6EBE92526697}.Debug|x64.Build.0 = Debug|x64
		{2A1A57B1-16CC-4773-8255-6EBE92526697}.Debug|x86.ActiveCfg = Debug|Win32
		{2A1A57B1-16CC-4773-8255-6EBE92526697}.Debug|x86.Build.0 = Debug|Win32
		{2A1A57B1-16CC-4773-8255-6EBE92526697}.Release|x64.ActiveCfg = Release|x64
		{2A1A57B1-16CC-4773-8255-6EBE92526697}.Release|x64.Build.0 = Release|x64
		{2A1A57B1-16CC-4773-8255-6EBE92526697}.Release|x86.ActiveCfg = Release|Win32
		{2A1A57B1-16CC-4773-8255-6EBE92526697}.Release|x86.Build.0 = Release|Win32
		{1E00688D-2726-446B-A1DB-52705D5638A7}.Debug|x64.ActiveCfg = Debug|x64
		{1E00688D-2726-446B-A1DB-52705D5638A7}.Debug|x64.Build.0 = Debug|x64
		{1E00688D-2726-446B-A1DB-52705D5638A7}.Debug|x86.ActiveCfg = Debug|Win32
		{1E00688D-2726-446B-A1DB-52705D5638A7}.Debug|x86.Build.0 = Debug|Win32
		{1E00688D-2726-446B-A1DB-52705D5638A7}.Release|x64.ActiveCfg = Release|x64
		{1E00688D-2726-446B-A1DB-52705D5638A7}.Release|x64.Build.0 = Release|x64
		{1E00688D-2726-446B-A1DB-52705D5638A7}.Release|x86.ActiveCfg = Release|Win32
		{1E00688D-2726-446B-A1DB-52705D5638A7}.Release|x86.Build.0 = Release|Win32
		{7BC0F1F4-73C2-4BCA-8656-8A6B5D907CD0}.Debug|x64.ActiveCfg = Debug|x64
		{7BC0F1F4-73C2-4BCA-8656-8A6B5D907CD0}.Debug|x64.Build.0 = Debug|x64
		{7BC0F1F4-73C2-4BCA-8656-8A6B5D907CD0}.Debug|x86.ActiveCfg = Debug|Win32
		{7BC0F1F4-73C2-4BCA-8656-8A6B5D907CD0}.Debug|x86.Build.0 = Debug|Win32
		{7BC0F1F4-73C2-4BCA-8656-8A6B5D907CD0}.Release|x64.ActiveCfg = Release|x64
		{7BC0F1F4-73C2-4BCA-8656-8A6B5D907CD0}.Release|x64.Build.0 = Release|x64
		{7BC0F1F4-73C2-4BCA-8656-8A6B5D907CD0}.Release|x86.ActiveCfg = Release|Win32
		{7BC0F1F4-73C2-4BCA-8656-8A6B5D907CD0}.Release|x86.Build.0 = Release|Win32
		{0C0AF76B-687F-4559-B92E-DEA13E0045A9}.Debug|x64.ActiveCfg = Debug|x64
		{0C0AF76B-687F-4559-B92E-DEA13E0045A9}.Debug|x64.Build.0 = Debug|x64
		{0C0AF76B-687F-4559-B92E-DEA13E0045A9}.Debug|x86.ActiveCfg = Debug|Win32
		{0C0AF76B-687F-4559-B92E-DEA13E0045A9}.Debug|x86.Build.0 = Debug|Win32
		{0C0AF76B-687F-4559-B92E-DEA13E0045A9}.Release|x64.ActiveCfg = Release|x64
		{0C0AF76B-687F-4559-B92E-DEA13E0045A9}.Release|x64.Build.0 = Release|x64
		{0C0AF76B-687F-4559-B92E-DEA13E0045A9}.Release|x86.ActiveCfg = Release|Win32
		{0C0AF76B-687F-4559-B92E-DEA13E0045A9}.Release|x86.Build.0 = Release|Win32
		{D2BC8699-D1CD-4ECC-9221-A587F184F533}.Debug|x64.ActiveCfg = Debug|x64
		{D2BC8699-D1CD-4ECC-9221-A587F184F533}.Debug|x64.Build.0 = Debug|x64
		{D2BC8699-D1CD-4ECC-9221-A587F184F533}.Debug|x86.ActiveCfg = Debug|Win32
		{D2BC8699-D1CD-4ECC-9221-A587F184F533}.Debug|x86.Build.0 = Debug|Win32
		{D2BC8699-D1CD-4ECC-9221-A587F184F533}.Release|x64.ActiveCfg = Release|x64
		{D2BC8699-D1CD-4ECC-9221-A587F184F533}.Release|x64.Build.0 = Release|x64
		{D2BC8699-D1CD-4ECC-9221-A587F184F533}.Release|x86.ActiveCfg = Release|Win32
		{D2BC8699-D1CD-4ECC-9221-A587F184F533}.Release|x86.Build.0 = Release|Win32
	EndGlobalSection
	GlobalSection(SolutionProperties) = preSolution
		HideSolutionNode = FALSE
	EndGlobalSection
	GlobalSection(ExtensibilityGlobals) = postSolution
		SolutionGuid = {712B8308-9A8C-432E-8497-DFDCDA4E176C}
	EndGlobalSection
EndGlobal
