
Microsoft Visual Studio Solution File, Format Version 12.00
# Visual Studio Version 17
VisualStudioVersion = 17.3.32901.215
MinimumVisualStudioVersion = 10.0.40219.1
Project("{8BC9CEB8-8B4A-11D0-8D11-00A0C91BC942}") = "Task1", "Task1\Task1.vcxproj", "{383CB31A-B3C1-47BA-B5D1-AF6B1A2E27B5}"
EndProject
Project("{8BC9CEB8-8B4A-11D0-8D11-00A0C91BC942}") = "Task2", "Task2\Task2.vcxproj", "{CDDA7690-C074-479F-968E-6C58B128D7EC}"
EndProject
Project("{8BC9CEB8-8B4A-11D0-8D11-00A0C91BC942}") = "Task3", "Task3\Task3.vcxproj", "{D3B9D356-9D29-4F76-8FEA-DE404CF7D11E}"
EndProject
Project("{8BC9CEB8-8B4A-11D0-8D11-00A0C91BC942}") = "Task4", "Task4\Task4.vcxproj", "{FC655A6A-29FD-4EF9-8BF7-853256FB75D2}"
EndProject
Project("{8BC9CEB8-8B4A-11D0-8D11-00A0C91BC942}") = "Task5", "Task5\Task5.vcxproj", "{E31DC0A3-072C-476F-8164-F0211566BC8C}"
EndProject
Project("{8BC9CEB8-8B4A-11D0-8D11-00A0C91BC942}") = "Task6", "Task6\Task6.vcxproj", "{EF462220-080B-46D1-92BB-062070F2676A}"
EndProject
Global
	GlobalSection(SolutionConfigurationPlatforms) = preSolution
		Debug|x64 = Debug|x64
		Debug|x86 = Debug|x86
		Release|x64 = Release|x64
		Release|x86 = Release|x86
	EndGlobalSection
	GlobalSection(ProjectConfigurationPlatforms) = postSolution
		{383CB31A-B3C1-47BA-B5D1-AF6B1A2E27B5}.Debug|x64.ActiveCfg = Debug|x64
		{383CB31A-B3C1-47BA-B5D1-AF6B1A2E27B5}.Debug|x64.Build.0 = Debug|x64
		{383CB31A-B3C1-47BA-B5D1-AF6B1A2E27B5}.Debug|x86.ActiveCfg = Debug|Win32
		{383CB31A-B3C1-47BA-B5D1-AF6B1A2E27B5}.Debug|x86.Build.0 = Debug|Win32
		{383CB31A-B3C1-47BA-B5D1-AF6B1A2E27B5}.Release|x64.ActiveCfg = Release|x64
		{383CB31A-B3C1-47BA-B5D1-AF6B1A2E27B5}.Release|x64.Build.0 = Release|x64
		{383CB31A-B3C1-47BA-B5D1-AF6B1A2E27B5}.Release|x86.ActiveCfg = Release|Win32
		{383CB31A-B3C1-47BA-B5D1-AF6B1A2E27B5}.Release|x86.Build.0 = Release|Win32
		{CDDA7690-C074-479F-968E-6C58B128D7EC}.Debug|x64.ActiveCfg = Debug|x64
		{CDDA7690-C074-479F-968E-6C58B128D7EC}.Debug|x64.Build.0 = Debug|x64
		{CDDA7690-C074-479F-968E-6C58B128D7EC}.Debug|x86.ActiveCfg = Debug|Win32
		{CDDA7690-C074-479F-968E-6C58B128D7EC}.Debug|x86.Build.0 = Debug|Win32
		{CDDA7690-C074-479F-968E-6C58B128D7EC}.Release|x64.ActiveCfg = Release|x64
		{CDDA7690-C074-479F-968E-6C58B128D7EC}.Release|x64.Build.0 = Release|x64
		{CDDA7690-C074-479F-968E-6C58B128D7EC}.Release|x86.ActiveCfg = Release|Win32
		{CDDA7690-C074-479F-968E-6C58B128D7EC}.Release|x86.Build.0 = Release|Win32
		{D3B9D356-9D29-4F76-8FEA-DE404CF7D11E}.Debug|x64.ActiveCfg = Debug|x64
		{D3B9D356-9D29-4F76-8FEA-DE404CF7D11E}.Debug|x64.Build.0 = Debug|x64
		{D3B9D356-9D29-4F76-8FEA-DE404CF7D11E}.Debug|x86.ActiveCfg = Debug|Win32
		{D3B9D356-9D29-4F76-8FEA-DE404CF7D11E}.Debug|x86.Build.0 = Debug|Win32
		{D3B9D356-9D29-4F76-8FEA-DE404CF7D11E}.Release|x64.ActiveCfg = Release|x64
		{D3B9D356-9D29-4F76-8FEA-DE404CF7D11E}.Release|x64.Build.0 = Release|x64
		{D3B9D356-9D29-4F76-8FEA-DE404CF7D11E}.Release|x86.ActiveCfg = Release|Win32
		{D3B9D356-9D29-4F76-8FEA-DE404CF7D11E}.Release|x86.Build.0 = Release|Win32
		{FC655A6A-29FD-4EF9-8BF7-853256FB75D2}.Debug|x64.ActiveCfg = Debug|x64
		{FC655A6A-29FD-4EF9-8BF7-853256FB75D2}.Debug|x64.Build.0 = Debug|x64
		{FC655A6A-29FD-4EF9-8BF7-853256FB75D2}.Debug|x86.ActiveCfg = Debug|Win32
		{FC655A6A-29FD-4EF9-8BF7-853256FB75D2}.Debug|x86.Build.0 = Debug|Win32
		{FC655A6A-29FD-4EF9-8BF7-853256FB75D2}.Release|x64.ActiveCfg = Release|x64
		{FC655A6A-29FD-4EF9-8BF7-853256FB75D2}.Release|x64.Build.0 = Release|x64
		{FC655A6A-29FD-4EF9-8BF7-853256FB75D2}.Release|x86.ActiveCfg = Release|Win32
		{FC655A6A-29FD-4EF9-8BF7-853256FB75D2}.Release|x86.Build.0 = Release|Win32
		{E31DC0A3-072C-476F-8164-F0211566BC8C}.Debug|x64.ActiveCfg = Debug|x64
		{E31DC0A3-072C-476F-8164-F0211566BC8C}.Debug|x64.Build.0 = Debug|x64
		{E31DC0A3-072C-476F-8164-F0211566BC8C}.Debug|x86.ActiveCfg = Debug|Win32
		{E31DC0A3-072C-476F-8164-F0211566BC8C}.Debug|x86.Build.0 = Debug|Win32
		{E31DC0A3-072C-476F-8164-F0211566BC8C}.Release|x64.ActiveCfg = Release|x64
		{E31DC0A3-072C-476F-8164-F0211566BC8C}.Release|x64.Build.0 = Release|x64
		{E31DC0A3-072C-476F-8164-F0211566BC8C}.Release|x86.ActiveCfg = Release|Win32
		{E31DC0A3-072C-476F-8164-F0211566BC8C}.Release|x86.Build.0 = Release|Win32
		{EF462220-080B-46D1-92BB-062070F2676A}.Debug|x64.ActiveCfg = Debug|x64
		{EF462220-080B-46D1-92BB-062070F2676A}.Debug|x64.Build.0 = Debug|x64
		{EF462220-080B-46D1-92BB-062070F2676A}.Debug|x86.ActiveCfg = Debug|Win32
		{EF462220-080B-46D1-92BB-062070F2676A}.Debug|x86.Build.0 = Debug|Win32
		{EF462220-080B-46D1-92BB-062070F2676A}.Release|x64.ActiveCfg = Release|x64
		{EF462220-080B-46D1-92BB-062070F2676A}.Release|x64.Build.0 = Release|x64
		{EF462220-080B-46D1-92BB-062070F2676A}.Release|x86.ActiveCfg = Release|Win32
		{EF462220-080B-46D1-92BB-062070F2676A}.Release|x86.Build.0 = Release|Win32
	EndGlobalSection
	GlobalSection(SolutionProperties) = preSolution
		HideSolutionNode = FALSE
	EndGlobalSection
	GlobalSection(ExtensibilityGlobals) = postSolution
		SolutionGuid = {1F09289A-138C-44CA-8464-8FA11A6AC62E}
	EndGlobalSection
EndGlobal
