
Microsoft Visual Studio Solution File, Format Version 12.00
# Visual Studio Version 17
VisualStudioVersion = 17.3.32901.215
MinimumVisualStudioVersion = 10.0.40219.1
Project("{8BC9CEB8-8B4A-11D0-8D11-00A0C91BC942}") = "Task1", "Task1\Task1.vcxproj", "{DA20BF24-6A45-4FAA-A878-202CEAE30581}"
EndProject
Project("{8BC9CEB8-8B4A-11D0-8D11-00A0C91BC942}") = "Task2", "Task2\Task2.vcxproj", "{6A5616B7-5C1C-4452-B623-3A5E32995703}"
EndProject
Project("{8BC9CEB8-8B4A-11D0-8D11-00A0C91BC942}") = "Task3", "Task3\Task3.vcxproj", "{F703A9B4-AFD5-40BC-BD7A-DA6F0E791CF9}"
EndProject
Project("{8BC9CEB8-8B4A-11D0-8D11-00A0C91BC942}") = "Task4", "Task4\Task4.vcxproj", "{B214A207-AA8B-4FCF-9AF3-C879BD9AF6D6}"
EndProject
Global
	GlobalSection(SolutionConfigurationPlatforms) = preSolution
		Debug|x64 = Debug|x64
		Debug|x86 = Debug|x86
		Release|x64 = Release|x64
		Release|x86 = Release|x86
	EndGlobalSection
	GlobalSection(ProjectConfigurationPlatforms) = postSolution
		{DA20BF24-6A45-4FAA-A878-202CEAE30581}.Debug|x64.ActiveCfg = Debug|x64
		{DA20BF24-6A45-4FAA-A878-202CEAE30581}.Debug|x64.Build.0 = Debug|x64
		{DA20BF24-6A45-4FAA-A878-202CEAE30581}.Debug|x86.ActiveCfg = Debug|Win32
		{DA20BF24-6A45-4FAA-A878-202CEAE30581}.Debug|x86.Build.0 = Debug|Win32
		{DA20BF24-6A45-4FAA-A878-202CEAE30581}.Release|x64.ActiveCfg = Release|x64
		{DA20BF24-6A45-4FAA-A878-202CEAE30581}.Release|x64.Build.0 = Release|x64
		{DA20BF24-6A45-4FAA-A878-202CEAE30581}.Release|x86.ActiveCfg = Release|Win32
		{DA20BF24-6A45-4FAA-A878-202CEAE30581}.Release|x86.Build.0 = Release|Win32
		{6A5616B7-5C1C-4452-B623-3A5E32995703}.Debug|x64.ActiveCfg = Debug|x64
		{6A5616B7-5C1C-4452-B623-3A5E32995703}.Debug|x64.Build.0 = Debug|x64
		{6A5616B7-5C1C-4452-B623-3A5E32995703}.Debug|x86.ActiveCfg = Debug|Win32
		{6A5616B7-5C1C-4452-B623-3A5E32995703}.Debug|x86.Build.0 = Debug|Win32
		{6A5616B7-5C1C-4452-B623-3A5E32995703}.Release|x64.ActiveCfg = Release|x64
		{6A5616B7-5C1C-4452-B623-3A5E32995703}.Release|x64.Build.0 = Release|x64
		{6A5616B7-5C1C-4452-B623-3A5E32995703}.Release|x86.ActiveCfg = Release|Win32
		{6A5616B7-5C1C-4452-B623-3A5E32995703}.Release|x86.Build.0 = Release|Win32
		{F703A9B4-AFD5-40BC-BD7A-DA6F0E791CF9}.Debug|x64.ActiveCfg = Debug|x64
		{F703A9B4-AFD5-40BC-BD7A-DA6F0E791CF9}.Debug|x64.Build.0 = Debug|x64
		{F703A9B4-AFD5-40BC-BD7A-DA6F0E791CF9}.Debug|x86.ActiveCfg = Debug|Win32
		{F703A9B4-AFD5-40BC-BD7A-DA6F0E791CF9}.Debug|x86.Build.0 = Debug|Win32
		{F703A9B4-AFD5-40BC-BD7A-DA6F0E791CF9}.Release|x64.ActiveCfg = Release|x64
		{F703A9B4-AFD5-40BC-BD7A-DA6F0E791CF9}.Release|x64.Build.0 = Release|x64
		{F703A9B4-AFD5-40BC-BD7A-DA6F0E791CF9}.Release|x86.ActiveCfg = Release|Win32
		{F703A9B4-AFD5-40BC-BD7A-DA6F0E791CF9}.Release|x86.Build.0 = Release|Win32
		{B214A207-AA8B-4FCF-9AF3-C879BD9AF6D6}.Debug|x64.ActiveCfg = Debug|x64
		{B214A207-AA8B-4FCF-9AF3-C879BD9AF6D6}.Debug|x64.Build.0 = Debug|x64
		{B214A207-AA8B-4FCF-9AF3-C879BD9AF6D6}.Debug|x86.ActiveCfg = Debug|Win32
		{B214A207-AA8B-4FCF-9AF3-C879BD9AF6D6}.Debug|x86.Build.0 = Debug|Win32
		{B214A207-AA8B-4FCF-9AF3-C879BD9AF6D6}.Release|x64.ActiveCfg = Release|x64
		{B214A207-AA8B-4FCF-9AF3-C879BD9AF6D6}.Release|x64.Build.0 = Release|x64
		{B214A207-AA8B-4FCF-9AF3-C879BD9AF6D6}.Release|x86.ActiveCfg = Release|Win32
		{B214A207-AA8B-4FCF-9AF3-C879BD9AF6D6}.Release|x86.Build.0 = Release|Win32
	EndGlobalSection
	GlobalSection(SolutionProperties) = preSolution
		HideSolutionNode = FALSE
	EndGlobalSection
	GlobalSection(ExtensibilityGlobals) = postSolution
		SolutionGuid = {67201751-7C38-4F33-8CC2-66873385BEC2}
	EndGlobalSection
EndGlobal
